{
  "name": "algorithm",
  "version": "1.0.0",
  "lockfileVersion": 3,
  "requires": true,
  "packages": {
    "": {
      "name": "algorithm",
      "version": "1.0.0",
      "license": "ISC",
      "dependencies": {
        "@lmliheng/ai_git": "^1.0.5"
      }
    },
    "node_modules/@lmliheng/ai_git": {
      "version": "1.0.5",
      "resolved": "https://registry.npmjs.org/@lmliheng/ai_git/-/ai_git-1.0.5.tgz",
      "integrity": "sha512-SaYMV68+oB1QPXJeA/f9LnwCZwndkpbC2TDicWAAYJsF0RibgFWZ9okPXCJNrT3mYcTOP0rbuQQmO1uVDTUmpg==",
      "license": "ISC"
    }
  }
}
